
Microsoft Visual Studio Solution File, Format Version 12.00
# Visual Studio 14
VisualStudioVersion = 14.0.25420.1
MinimumVisualStudioVersion = 10.0.40219.1
Project("{CC5FD16D-436D-48AD-A40C-5A424C6E3E79}") = "SMBSchedulerUtilities", "SMBSchedulerUtilities\SMBSchedulerUtilities.ccproj", "{C617BD3F-866E-485E-A177-CB85A7C44870}"
EndProject
Project("{FAE04EC0-301F-11D3-BF4B-00C04F79EFBC}") = "WebUtilitiesRole", "WebUtilitiesRole\WebUtilitiesRole.csproj", "{19F5DC3B-8A3D-44AF-8305-BC9868434D49}"
EndProject
Project("{FAE04EC0-301F-11D3-BF4B-00C04F79EFBC}") = "EWSAPIWrapper", "EWSAPIWrapper\EWSAPIWrapper.csproj", "{45A3D5AF-E552-44FB-8DD7-E56B66C9FE73}"
EndProject
Global
	GlobalSection(SolutionConfigurationPlatforms) = preSolution
		Debug|Any CPU = Debug|Any CPU
		Release|Any CPU = Release|Any CPU
	EndGlobalSection
	GlobalSection(ProjectConfigurationPlatforms) = postSolution
		{C617BD3F-866E-485E-A177-CB85A7C44870}.Debug|Any CPU.ActiveCfg = Debug|Any CPU
		{C617BD3F-866E-485E-A177-CB85A7C44870}.Debug|Any CPU.Build.0 = Debug|Any CPU
		{C617BD3F-866E-485E-A177-CB85A7C44870}.Release|Any CPU.ActiveCfg = Release|Any CPU
		{C617BD3F-866E-485E-A177-CB85A7C44870}.Release|Any CPU.Build.0 = Release|Any CPU
		{19F5DC3B-8A3D-44AF-8305-BC9868434D49}.Debug|Any CPU.ActiveCfg = Debug|Any CPU
		{19F5DC3B-8A3D-44AF-8305-BC9868434D49}.Debug|Any CPU.Build.0 = Debug|Any CPU
		{19F5DC3B-8A3D-44AF-8305-BC9868434D49}.Release|Any CPU.ActiveCfg = Release|Any CPU
		{19F5DC3B-8A3D-44AF-8305-BC9868434D49}.Release|Any CPU.Build.0 = Release|Any CPU
		{45A3D5AF-E552-44FB-8DD7-E56B66C9FE73}.Debug|Any CPU.ActiveCfg = Debug|Any CPU
		{45A3D5AF-E552-44FB-8DD7-E56B66C9FE73}.Debug|Any CPU.Build.0 = Debug|Any CPU
		{45A3D5AF-E552-44FB-8DD7-E56B66C9FE73}.Release|Any CPU.ActiveCfg = Release|Any CPU
		{45A3D5AF-E552-44FB-8DD7-E56B66C9FE73}.Release|Any CPU.Build.0 = Release|Any CPU
	EndGlobalSection
	GlobalSection(SolutionProperties) = preSolution
		HideSolutionNode = FALSE
	EndGlobalSection
	GlobalSection(TeamFoundationVersionControl) = preSolution
		SccNumberOfProjects = 4
		SccEnterpriseProvider = {4CA58AB2-18FA-4F8D-95D4-32DDF27D184C}
		SccTeamFoundationServer = https://smbscheduler.visualstudio.com/
		SccProjectUniqueName0 = EWSAPIWrapper\\EWSAPIWrapper.csproj
		SccProjectName0 = EWSAPIWrapper
		SccLocalPath0 = EWSAPIWrapper
		SccLocalPath1 = .
		SccProjectUniqueName2 = SMBSchedulerUtilities\\SMBSchedulerUtilities.ccproj
		SccProjectName2 = SMBSchedulerUtilities
		SccLocalPath2 = SMBSchedulerUtilities
		SccProjectUniqueName3 = WebUtilitiesRole\\WebUtilitiesRole.csproj
		SccProjectName3 = WebUtilitiesRole
		SccLocalPath3 = WebUtilitiesRole
	EndGlobalSection
EndGlobal
